
Microsoft Visual Studio Solution File, Format Version 12.00
# Visual Studio Version 17
VisualStudioVersion = 17.0.31903.59
MinimumVisualStudioVersion = 10.0.40219.1
Project("{FAE04EC0-301F-11D3-BF4B-00C04F79EFBC}") = "GraphQLDemo", "GraphQLDemo.csproj", "{00CE3218-9D4E-49FD-8F11-5CAB11EB996B}"
EndProject
Global
	GlobalSection(SolutionConfigurationPlatforms) = preSolution
		Debug|Any CPU = Debug|Any CPU
		Release|Any CPU = Release|Any CPU
	EndGlobalSection
	GlobalSection(SolutionProperties) = preSolution
		HideSolutionNode = FALSE
	EndGlobalSection
	GlobalSection(ProjectConfigurationPlatforms) = postSolution
		{00CE3218-9D4E-49FD-8F11-5CAB11EB996B}.Debug|Any CPU.ActiveCfg = Debug|Any CPU
		{00CE3218-9D4E-49FD-8F11-5CAB11EB996B}.Debug|Any CPU.Build.0 = Debug|Any CPU
		{00CE3218-9D4E-49FD-8F11-5CAB11EB996B}.Release|Any CPU.ActiveCfg = Release|Any CPU
		{00CE3218-9D4E-49FD-8F11-5CAB11EB996B}.Release|Any CPU.Build.0 = Release|Any CPU
	EndGlobalSection
EndGlobal
